{
  "version": 4,
  "terraform_version": "1.0.1",
  "serial": 15,
  "lineage": "3373ccf3-aa64-e6a9-6a8e-f95459c65057",
  "outputs": {},
  "resources": [
    {
      "mode": "managed",
      "type": "libvirt_domain",
      "name": "a_k8s_roce_masters",
      "provider": "provider[\"registry.terraform.io/dmacvicar/libvirt\"]",
      "instances": []
    },
    {
      "mode": "managed",
      "type": "libvirt_domain",
      "name": "a_k8s_roce_workers",
      "provider": "provider[\"registry.terraform.io/dmacvicar/libvirt\"]",
      "instances": []
    },
    {
      "mode": "managed",
      "type": "libvirt_volume",
      "name": "masters_data_disks",
      "provider": "provider[\"registry.terraform.io/dmacvicar/libvirt\"]",
      "instances": [
        {
          "index_key": 0,
          "schema_version": 0,
          "attributes": {
            "base_volume_id": null,
            "base_volume_name": null,
            "base_volume_pool": null,
            "format": "raw",
            "id": "/var/lib/libvirt/vms/data/a_k8s_master_00.raw",
            "name": "a_k8s_master_00.raw",
            "pool": "nfsdatastore",
            "size": 25769803776,
            "source": null,
            "xml": []
          },
          "sensitive_attributes": [],
          "private": "bnVsbA=="
        },
        {
          "index_key": 1,
          "schema_version": 0,
          "attributes": {
            "base_volume_id": null,
            "base_volume_name": null,
            "base_volume_pool": null,
            "format": "raw",
            "id": "/var/lib/libvirt/vms/data/a_k8s_master_01.raw",
            "name": "a_k8s_master_01.raw",
            "pool": "nfsdatastore",
            "size": 25769803776,
            "source": null,
            "xml": []
          },
          "sensitive_attributes": [],
          "private": "bnVsbA=="
        },
        {
          "index_key": 2,
          "schema_version": 0,
          "attributes": {
            "base_volume_id": null,
            "base_volume_name": null,
            "base_volume_pool": null,
            "format": "raw",
            "id": "/var/lib/libvirt/vms/data/a_k8s_master_02.raw",
            "name": "a_k8s_master_02.raw",
            "pool": "nfsdatastore",
            "size": 25769803776,
            "source": null,
            "xml": []
          },
          "sensitive_attributes": [],
          "private": "bnVsbA=="
        }
      ]
    },
    {
      "mode": "managed",
      "type": "libvirt_volume",
      "name": "masters_ubuntu2004_boot_disk",
      "provider": "provider[\"registry.terraform.io/dmacvicar/libvirt\"]",
      "instances": [
        {
          "index_key": 0,
          "schema_version": 0,
          "attributes": {
            "base_volume_id": "/var/lib/libvirt/vms/boot/ubuntu-20.04-server-cloudimg-amd64.img",
            "base_volume_name": null,
            "base_volume_pool": null,
            "format": "qcow2",
            "id": "/var/lib/libvirt/vms/boot/a-k8s-master-00.raw",
            "name": "a-k8s-master-00.raw",
            "pool": "nfsbootstore",
            "size": 25769803776,
            "source": null,
            "xml": []
          },
          "sensitive_attributes": [],
          "private": "bnVsbA==",
          "dependencies": [
            "module.ubuntu.libvirt_volume.ubuntu_2004_vol"
          ]
        },
        {
          "index_key": 1,
          "schema_version": 0,
          "attributes": {
            "base_volume_id": "/var/lib/libvirt/vms/boot/ubuntu-20.04-server-cloudimg-amd64.img",
            "base_volume_name": null,
            "base_volume_pool": null,
            "format": "qcow2",
            "id": "/var/lib/libvirt/vms/boot/a-k8s-master-01.raw",
            "name": "a-k8s-master-01.raw",
            "pool": "nfsbootstore",
            "size": 25769803776,
            "source": null,
            "xml": []
          },
          "sensitive_attributes": [],
          "private": "bnVsbA==",
          "dependencies": [
            "module.ubuntu.libvirt_volume.ubuntu_2004_vol"
          ]
        },
        {
          "index_key": 2,
          "schema_version": 0,
          "attributes": {
            "base_volume_id": "/var/lib/libvirt/vms/boot/ubuntu-20.04-server-cloudimg-amd64.img",
            "base_volume_name": null,
            "base_volume_pool": null,
            "format": "qcow2",
            "id": "/var/lib/libvirt/vms/boot/a-k8s-master-02.raw",
            "name": "a-k8s-master-02.raw",
            "pool": "nfsbootstore",
            "size": 25769803776,
            "source": null,
            "xml": []
          },
          "sensitive_attributes": [],
          "private": "bnVsbA==",
          "dependencies": [
            "module.ubuntu.libvirt_volume.ubuntu_2004_vol"
          ]
        }
      ]
    },
    {
      "mode": "managed",
      "type": "libvirt_volume",
      "name": "workers_data_Disks",
      "provider": "provider[\"registry.terraform.io/dmacvicar/libvirt\"]",
      "instances": [
        {
          "index_key": 0,
          "schema_version": 0,
          "attributes": {
            "base_volume_id": null,
            "base_volume_name": null,
            "base_volume_pool": null,
            "format": "raw",
            "id": "/var/lib/libvirt/vms/data/a_k8s_roce_worker_00.raw",
            "name": "a_k8s_roce_worker_00.raw",
            "pool": "nfsdatastore",
            "size": 25769803776,
            "source": null,
            "xml": []
          },
          "sensitive_attributes": [],
          "private": "bnVsbA=="
        },
        {
          "index_key": 1,
          "schema_version": 0,
          "attributes": {
            "base_volume_id": null,
            "base_volume_name": null,
            "base_volume_pool": null,
            "format": "raw",
            "id": "/var/lib/libvirt/vms/data/a_k8s_roce_worker_01.raw",
            "name": "a_k8s_roce_worker_01.raw",
            "pool": "nfsdatastore",
            "size": 25769803776,
            "source": null,
            "xml": []
          },
          "sensitive_attributes": [],
          "private": "bnVsbA=="
        },
        {
          "index_key": 2,
          "schema_version": 0,
          "attributes": {
            "base_volume_id": null,
            "base_volume_name": null,
            "base_volume_pool": null,
            "format": "raw",
            "id": "/var/lib/libvirt/vms/data/a_k8s_roce_worker_02.raw",
            "name": "a_k8s_roce_worker_02.raw",
            "pool": "nfsdatastore",
            "size": 25769803776,
            "source": null,
            "xml": []
          },
          "sensitive_attributes": [],
          "private": "bnVsbA=="
        }
      ]
    },
    {
      "mode": "managed",
      "type": "libvirt_volume",
      "name": "workers_ubuntu2004_boot_disk",
      "provider": "provider[\"registry.terraform.io/dmacvicar/libvirt\"]",
      "instances": [
        {
          "index_key": 0,
          "schema_version": 0,
          "attributes": {
            "base_volume_id": "/var/lib/libvirt/vms/boot/ubuntu-20.04-server-cloudimg-amd64.img",
            "base_volume_name": null,
            "base_volume_pool": null,
            "format": "qcow2",
            "id": "/var/lib/libvirt/vms/boot/a-k8s-roce-worker-00.raw",
            "name": "a-k8s-roce-worker-00.raw",
            "pool": "nfsbootstore",
            "size": 25769803776,
            "source": null,
            "xml": []
          },
          "sensitive_attributes": [],
          "private": "bnVsbA==",
          "dependencies": [
            "module.ubuntu.libvirt_volume.ubuntu_2004_vol"
          ]
        },
        {
          "index_key": 1,
          "schema_version": 0,
          "attributes": {
            "base_volume_id": "/var/lib/libvirt/vms/boot/ubuntu-20.04-server-cloudimg-amd64.img",
            "base_volume_name": null,
            "base_volume_pool": null,
            "format": "qcow2",
            "id": "/var/lib/libvirt/vms/boot/a-k8s-roce-worker-01.raw",
            "name": "a-k8s-roce-worker-01.raw",
            "pool": "nfsbootstore",
            "size": 25769803776,
            "source": null,
            "xml": []
          },
          "sensitive_attributes": [],
          "private": "bnVsbA==",
          "dependencies": [
            "module.ubuntu.libvirt_volume.ubuntu_2004_vol"
          ]
        },
        {
          "index_key": 2,
          "schema_version": 0,
          "attributes": {
            "base_volume_id": "/var/lib/libvirt/vms/boot/ubuntu-20.04-server-cloudimg-amd64.img",
            "base_volume_name": null,
            "base_volume_pool": null,
            "format": "qcow2",
            "id": "/var/lib/libvirt/vms/boot/a-k8s-roce-worker-02.raw",
            "name": "a-k8s-roce-worker-02.raw",
            "pool": "nfsbootstore",
            "size": 25769803776,
            "source": null,
            "xml": []
          },
          "sensitive_attributes": [],
          "private": "bnVsbA==",
          "dependencies": [
            "module.ubuntu.libvirt_volume.ubuntu_2004_vol"
          ]
        }
      ]
    },
    {
      "module": "module.cloudinit",
      "mode": "data",
      "type": "template_file",
      "name": "user_data",
      "provider": "provider[\"registry.terraform.io/hashicorp/template\"]",
      "instances": [
        {
          "schema_version": 0,
          "attributes": {
            "filename": null,
            "id": "abc7bb6541c4d2c9b896a5a7cd724d736c43a1ed21a7655054d5979742e48462",
            "rendered": "#cloud-config\n# vim: syntax=yaml\nusers:\n  - name: skynet\n    ssh_authorized_keys:\n       - ssh-rsa AAAAB3NzaC1yc2EAAAADAQABAAACAQDZBYesTbaYU0Gt2OVdHxpjC8YTf5/ta4NghZtQ4Ze96TvrnvYKGf5OkX2nv7R6ECSEc05IzsiFqVDJb7GX27MAMHwX59oGjxTcImsev8LqDV/eXBc925q3SqKOF3vqMcgEJA6hoxF6cYrAzKjvGwBi/JRKPuewl3MNMmbniM+Zbw0YWBMyjwnMSI8t3aNjForee2NjoRScCfhfZ/zkHc+xI9HJaxlHUURgNxFZehf+mt9s9sObe5kHyg5QvVbfYM6fdvGHBT6Og9fs3YRWS9I4TMrtF+O2CzLRfS+fl79IbTDZwwJ2vDywL3Us60Dnw4+5rDEIkpcAZEs6Q/th+Y64hhC//p7v1TQqW19/76wVGC7el3odci77QOcsJnbOcekqNvzSNAdj603D5w64wRXDAkyEGfXqz7NcWnYch0aUkPDcdFYkFS7MmJlxg4SKgW3hMZjaVF2PjiVVSV82I/DIu+YklTwOW63XmWEfQ9uN+6pQAUZFB4lxvrMFMebpjOhriTGZHySdYdjVbrBml6uak8aGr8W5XEUmxIgFUQ73BGjM4UENuzIOTVn1b929JhXVXvb5x/m2RFySFghU9WHdU9tWWlKYeZXKZjpr1RMSBH38rfdo/jw42xajcL9StHYIcZqd59BNErFciJmpdOEkJVGWaQTkhVF7Oalof/xfcw== skynet@aioripperlab\n\nssh_pwauth: False\nchpasswd:\n  list: |\n     root:qwe123ASDzxcQWE\n     skynet:qwe123ASDZXCqwe\n  expire: False\ndisable_root: true\n\nruncmd:\n - sed  -i '/PermitRootLogin/s/.*/PermitRootLogin yes/' /etc/ssh/sshd_config \n - systemctl restart sshd\n",
            "template": "#cloud-config\n# vim: syntax=yaml\nusers:\n  - name: skynet\n    ssh_authorized_keys:\n       - ssh-rsa AAAAB3NzaC1yc2EAAAADAQABAAACAQDZBYesTbaYU0Gt2OVdHxpjC8YTf5/ta4NghZtQ4Ze96TvrnvYKGf5OkX2nv7R6ECSEc05IzsiFqVDJb7GX27MAMHwX59oGjxTcImsev8LqDV/eXBc925q3SqKOF3vqMcgEJA6hoxF6cYrAzKjvGwBi/JRKPuewl3MNMmbniM+Zbw0YWBMyjwnMSI8t3aNjForee2NjoRScCfhfZ/zkHc+xI9HJaxlHUURgNxFZehf+mt9s9sObe5kHyg5QvVbfYM6fdvGHBT6Og9fs3YRWS9I4TMrtF+O2CzLRfS+fl79IbTDZwwJ2vDywL3Us60Dnw4+5rDEIkpcAZEs6Q/th+Y64hhC//p7v1TQqW19/76wVGC7el3odci77QOcsJnbOcekqNvzSNAdj603D5w64wRXDAkyEGfXqz7NcWnYch0aUkPDcdFYkFS7MmJlxg4SKgW3hMZjaVF2PjiVVSV82I/DIu+YklTwOW63XmWEfQ9uN+6pQAUZFB4lxvrMFMebpjOhriTGZHySdYdjVbrBml6uak8aGr8W5XEUmxIgFUQ73BGjM4UENuzIOTVn1b929JhXVXvb5x/m2RFySFghU9WHdU9tWWlKYeZXKZjpr1RMSBH38rfdo/jw42xajcL9StHYIcZqd59BNErFciJmpdOEkJVGWaQTkhVF7Oalof/xfcw== skynet@aioripperlab\n\nssh_pwauth: False\nchpasswd:\n  list: |\n     root:qwe123ASDzxcQWE\n     skynet:qwe123ASDZXCqwe\n  expire: False\ndisable_root: true\n\nruncmd:\n - sed  -i '/PermitRootLogin/s/.*/PermitRootLogin yes/' /etc/ssh/sshd_config \n - systemctl restart sshd\n",
            "vars": null
          },
          "sensitive_attributes": []
        }
      ]
    },
    {
      "module": "module.ubuntu",
      "mode": "managed",
      "type": "libvirt_volume",
      "name": "ubuntu_2004_vol",
      "provider": "provider[\"registry.terraform.io/dmacvicar/libvirt\"]",
      "instances": [
        {
          "index_key": 0,
          "schema_version": 0,
          "attributes": {
            "base_volume_id": null,
            "base_volume_name": null,
            "base_volume_pool": null,
            "format": "qcow2",
            "id": "/var/lib/libvirt/vms/boot/ubuntu-20.04-server-cloudimg-amd64.img",
            "name": "ubuntu-20.04-server-cloudimg-amd64.img",
            "pool": "nfsbootstore",
            "size": 2361393152,
            "source": "https://cloud-images.ubuntu.com/releases/focal/release/ubuntu-20.04-server-cloudimg-amd64.img",
            "xml": []
          },
          "sensitive_attributes": [],
          "private": "bnVsbA=="
        }
      ]
    }
  ]
}
